Microsoft Visual Studio Solution File, Format Version 12.00
# Visual Studio Version 17
VisualStudioVersion = 17.5.2.0
MinimumVisualStudioVersion = 10.0.40219.1
Project("{FAE04EC0-301F-11D3-BF4B-00C04F79EFBC}") = "MachineMonitoringApp", "MachineMonitoringApp.csproj", "{292EFD60-844E-ECA5-287F-CFB74393F9AA}"
EndProject
Global
	GlobalSection(SolutionConfigurationPlatforms) = preSolution
		Debug|Any CPU = Debug|Any CPU
		Release|Any CPU = Release|Any CPU
	EndGlobalSection
	GlobalSection(ProjectConfigurationPlatforms) = postSolution
		{292EFD60-844E-ECA5-287F-CFB74393F9AA}.Debug|Any CPU.ActiveCfg = Debug|Any CPU
		{292EFD60-844E-ECA5-287F-CFB74393F9AA}.Debug|Any CPU.Build.0 = Debug|Any CPU
		{292EFD60-844E-ECA5-287F-CFB74393F9AA}.Release|Any CPU.ActiveCfg = Release|Any CPU
		{292EFD60-844E-ECA5-287F-CFB74393F9AA}.Release|Any CPU.Build.0 = Release|Any CPU
	EndGlobalSection
	GlobalSection(SolutionProperties) = preSolution
		HideSolutionNode = FALSE
	EndGlobalSection
	GlobalSection(ExtensibilityGlobals) = postSolution
		SolutionGuid = {F6942F19-0A7F-4A5F-8BD2-CA0A842A1A34}
	EndGlobalSection
EndGlobal
